
Microsoft Visual Studio Solution File, Format Version 12.00
# Visual Studio Version 17
VisualStudioVersion = 17.3.32825.248
MinimumVisualStudioVersion = 10.0.40219.1
Project("{FAE04EC0-301F-11D3-BF4B-00C04F79EFBC}") = "DB", "DB.csproj", "{B2018512-1300-4095-AA51-F41A134736ED}"
EndProject
Global
	GlobalSection(SolutionConfigurationPlatforms) = preSolution
		Debug|Any CPU = Debug|Any CPU
		Release|Any CPU = Release|Any CPU
	EndGlobalSection
	GlobalSection(ProjectConfigurationPlatforms) = postSolution
		{B2018512-1300-4095-AA51-F41A134736ED}.Debug|Any CPU.ActiveCfg = Debug|Any CPU
		{B2018512-1300-4095-AA51-F41A134736ED}.Debug|Any CPU.Build.0 = Debug|Any CPU
		{B2018512-1300-4095-AA51-F41A134736ED}.Release|Any CPU.ActiveCfg = Release|Any CPU
		{B2018512-1300-4095-AA51-F41A134736ED}.Release|Any CPU.Build.0 = Release|Any CPU
	EndGlobalSection
	GlobalSection(SolutionProperties) = preSolution
		HideSolutionNode = FALSE
	EndGlobalSection
	GlobalSection(ExtensibilityGlobals) = postSolution
		SolutionGuid = {97EDE0E2-3468-407A-8635-3ED2357EBDD9}
	EndGlobalSection
EndGlobal
